
Microsoft Visual Studio Solution File, Format Version 12.00
# Visual Studio Version 17
VisualStudioVersion = 17.3.32825.248
MinimumVisualStudioVersion = 10.0.40219.1
Project("{FAE04EC0-301F-11D3-BF4B-00C04F79EFBC}") = "WindowsFormsApp1", "WindowsFormsApp1\WindowsFormsApp1.csproj", "{ACDF4CE7-1424-4B8E-9CF1-5D7840B59CD8}"
EndProject
Global
	GlobalSection(SolutionConfigurationPlatforms) = preSolution
		Debug|Any CPU = Debug|Any CPU
		Release|Any CPU = Release|Any CPU
	EndGlobalSection
	GlobalSection(ProjectConfigurationPlatforms) = postSolution
		{ACDF4CE7-1424-4B8E-9CF1-5D7840B59CD8}.Debug|Any CPU.ActiveCfg = Debug|Any CPU
		{ACDF4CE7-1424-4B8E-9CF1-5D7840B59CD8}.Debug|Any CPU.Build.0 = Debug|Any CPU
		{ACDF4CE7-1424-4B8E-9CF1-5D7840B59CD8}.Release|Any CPU.ActiveCfg = Release|Any CPU
		{ACDF4CE7-1424-4B8E-9CF1-5D7840B59CD8}.Release|Any CPU.Build.0 = Release|Any CPU
	EndGlobalSection
	GlobalSection(SolutionProperties) = preSolution
		HideSolutionNode = FALSE
	EndGlobalSection
	GlobalSection(ExtensibilityGlobals) = postSolution
		SolutionGuid = {ABEA9B19-D6A8-4B20-BDB3-FBF5214FEF29}
	EndGlobalSection
EndGlobal
