
Microsoft Visual Studio Solution File, Format Version 12.00
# Visual Studio Version 17
VisualStudioVersion = 17.3.32825.248
MinimumVisualStudioVersion = 10.0.40219.1
Project("{FAE04EC0-301F-11D3-BF4B-00C04F79EFBC}") = "WindowsFormsApp2", "WindowsFormsApp2\WindowsFormsApp2.csproj", "{004C7558-6B2F-4D1F-87B7-519B2BF27B79}"
EndProject
Global
	GlobalSection(SolutionConfigurationPlatforms) = preSolution
		Debug|Any CPU = Debug|Any CPU
		Release|Any CPU = Release|Any CPU
	EndGlobalSection
	GlobalSection(ProjectConfigurationPlatforms) = postSolution
		{004C7558-6B2F-4D1F-87B7-519B2BF27B79}.Debug|Any CPU.ActiveCfg = Debug|Any CPU
		{004C7558-6B2F-4D1F-87B7-519B2BF27B79}.Debug|Any CPU.Build.0 = Debug|Any CPU
		{004C7558-6B2F-4D1F-87B7-519B2BF27B79}.Release|Any CPU.ActiveCfg = Release|Any CPU
		{004C7558-6B2F-4D1F-87B7-519B2BF27B79}.Release|Any CPU.Build.0 = Release|Any CPU
	EndGlobalSection
	GlobalSection(SolutionProperties) = preSolution
		HideSolutionNode = FALSE
	EndGlobalSection
	GlobalSection(ExtensibilityGlobals) = postSolution
		SolutionGuid = {851A4BBC-4257-4F52-A206-004C711E863A}
	EndGlobalSection
EndGlobal
